<?xml version="1.0" encoding="utf-8"?>
<Project ToolsVersion="4.0" xmlns="http://schemas.microsoft.com/developer/msbuild/2003">
  <ItemGroup>
    <ClCompile Include="Code\Source\main.cpp" />
    <ClCompile Include="Code\Source\Vector2\Vector2.cpp" />
    <ClCompile Include="Code\Source\Vector3\Vector3.cpp" />
    <ClCompile Include="Code\Source\Vector4\Vector4.cpp" />
  </ItemGroup>
  <ItemGroup>
    <ClInclude Include="Code\Include\Vector2\Vector2.hpp" />
    <ClInclude Include="Code\Include\Vector3\Vector3.hpp" />
    <ClInclude Include="Code\Include\Vector4\Vector4.hpp" />
    <ClInclude Include="Code\Include\Utils\MathsUtils.hpp" />
  </ItemGroup>
  <ItemGroup>
    <None Include="Code\Include\Vector2\Vector2.inl" />
    <None Include="Code\Include\Vector3\Vector3.inl" />
    <None Include="Code\Include\Vector4\Vector4.inl" />
  </ItemGroup>
</Project>